// !$*UTF8*$!
{
	archiveVersion = 1;
	classes = {
	};
	objectVersion = 56;
	objects = {

/* Begin PBXBuildFile section */
		041C19BE2A22170800096442 /* cellConstants.swift in Sources */ = {isa = PBXBuildFile; fileRef = 041C19BD2A22170800096442 /* cellConstants.swift */; };
		043F50A02A20E8A800F502FB /* FavStoryboard.storyboard in Resources */ = {isa = PBXBuildFile; fileRef = 043F509F2A20E8A800F502FB /* FavStoryboard.storyboard */; };
		0489E4522A209FC100D72497 /* RecipeCell.swift in Sources */ = {isa = PBXBuildFile; fileRef = 0489E4502A209FC100D72497 /* RecipeCell.swift */; };
		0489E4532A209FC100D72497 /* recipeCell.xib in Resources */ = {isa = PBXBuildFile; fileRef = 0489E4512A209FC100D72497 /* recipeCell.xib */; };
		04989CB52A20AEDE00BC9D05 /* ViewUtilities.swift in Sources */ = {isa = PBXBuildFile; fileRef = 04989CB42A20AEDE00BC9D05 /* ViewUtilities.swift */; };
		04D260FA2A20F188009423B7 /* FavModel.swift in Sources */ = {isa = PBXBuildFile; fileRef = 04D260F92A20F188009423B7 /* FavModel.swift */; };
		04D260FC2A20F1A0009423B7 /* FavViewModel.swift in Sources */ = {isa = PBXBuildFile; fileRef = 04D260FB2A20F1A0009423B7 /* FavViewModel.swift */; };
		04D260FE2A210271009423B7 /* LocolDatabaseProtocol.swift in Sources */ = {isa = PBXBuildFile; fileRef = 04D260FD2A210271009423B7 /* LocolDatabaseProtocol.swift */; };
		04D261002A210772009423B7 /* CoreDataConstants.swift in Sources */ = {isa = PBXBuildFile; fileRef = 04D260FF2A210772009423B7 /* CoreDataConstants.swift */; };
		04D261052A21B8B7009423B7 /* internetConnectivity.swift in Sources */ = {isa = PBXBuildFile; fileRef = 04D261042A21B8B7009423B7 /* internetConnectivity.swift */; };
		04D261082A2203B9009423B7 /* LaunchScreenViewController.swift in Sources */ = {isa = PBXBuildFile; fileRef = 04D261072A2203B9009423B7 /* LaunchScreenViewController.swift */; };
		2C38067A68D0ADD16A52E2EF /* Pods_FoodRecipes.framework in Frameworks */ = {isa = PBXBuildFile; fileRef = 14DE9C67666DF28BE73C819E /* Pods_FoodRecipes.framework */; };
		61558E7D2A20CABE00D13E55 /* Component.swift in Sources */ = {isa = PBXBuildFile; fileRef = 61558E7C2A20CABE00D13E55 /* Component.swift */; };
		61558E7F2A20CAF300D13E55 /* Instruction.swift in Sources */ = {isa = PBXBuildFile; fileRef = 61558E7E2A20CAF300D13E55 /* Instruction.swift */; };
		61558E812A20CB2100D13E55 /* Nutrition.swift in Sources */ = {isa = PBXBuildFile; fileRef = 61558E802A20CB2100D13E55 /* Nutrition.swift */; };
		61558E852A20CB9300D13E55 /* Rendition.swift in Sources */ = {isa = PBXBuildFile; fileRef = 61558E842A20CB9300D13E55 /* Rendition.swift */; };
		61558E872A20CBA900D13E55 /* Result.swift in Sources */ = {isa = PBXBuildFile; fileRef = 61558E862A20CBA900D13E55 /* Result.swift */; };
		61558E892A20CBBE00D13E55 /* Section.swift in Sources */ = {isa = PBXBuildFile; fileRef = 61558E882A20CBBE00D13E55 /* Section.swift */; };
		61558E8B2A20CBD000D13E55 /* Show.swift in Sources */ = {isa = PBXBuildFile; fileRef = 61558E8A2A20CBD000D13E55 /* Show.swift */; };
		61558E8D2A20CBE400D13E55 /* Tag.swift in Sources */ = {isa = PBXBuildFile; fileRef = 61558E8C2A20CBE400D13E55 /* Tag.swift */; };
		61558E8F2A20CBF400D13E55 /* Topic.swift in Sources */ = {isa = PBXBuildFile; fileRef = 61558E8E2A20CBF300D13E55 /* Topic.swift */; };
		61558E912A20CC0200D13E55 /* UserRatings.swift in Sources */ = {isa = PBXBuildFile; fileRef = 61558E902A20CC0200D13E55 /* UserRatings.swift */; };
		61558E932A20D82300D13E55 /* MyResponse.swift in Sources */ = {isa = PBXBuildFile; fileRef = 61558E922A20D82300D13E55 /* MyResponse.swift */; };
		61558E952A20D8C700D13E55 /* Compilation.swift in Sources */ = {isa = PBXBuildFile; fileRef = 61558E942A20D8C700D13E55 /* Compilation.swift */; };
		61558E972A20DA1400D13E55 /* Price.swift in Sources */ = {isa = PBXBuildFile; fileRef = 61558E962A20DA1400D13E55 /* Price.swift */; };
		61558E992A20DA4A00D13E55 /* Measurement.swift in Sources */ = {isa = PBXBuildFile; fileRef = 61558E982A20DA4A00D13E55 /* Measurement.swift */; };
		61558E9B2A20DA6F00D13E55 /* Unit.swift in Sources */ = {isa = PBXBuildFile; fileRef = 61558E9A2A20DA6F00D13E55 /* Unit.swift */; };
		61558E9D2A20DA8700D13E55 /* Ingredient.swift in Sources */ = {isa = PBXBuildFile; fileRef = 61558E9C2A20DA8700D13E55 /* Ingredient.swift */; };
		61558E9F2A20E04B00D13E55 /* Recipe.swift in Sources */ = {isa = PBXBuildFile; fileRef = 61558E9E2A20E04B00D13E55 /* Recipe.swift */; };
		61558EA12A20E60600D13E55 /* Network.swift in Sources */ = {isa = PBXBuildFile; fileRef = 61558EA02A20E60600D13E55 /* Network.swift */; };
		61558EA32A2110F600D13E55 /* NetworkTests.swift in Sources */ = {isa = PBXBuildFile; fileRef = 61558EA22A2110F600D13E55 /* NetworkTests.swift */; };
		61558EA52A21110E00D13E55 /* NetworkMock.swift in Sources */ = {isa = PBXBuildFile; fileRef = 61558EA42A21110E00D13E55 /* NetworkMock.swift */; };
		61558EA72A21182C00D13E55 /* NetworkMockTests.swift in Sources */ = {isa = PBXBuildFile; fileRef = 61558EA62A21182C00D13E55 /* NetworkMockTests.swift */; };
		615949512A2033BA00C4FC4C /* AppDelegate.swift in Sources */ = {isa = PBXBuildFile; fileRef = 615949502A2033BA00C4FC4C /* AppDelegate.swift */; };
		615949532A2033BA00C4FC4C /* SceneDelegate.swift in Sources */ = {isa = PBXBuildFile; fileRef = 615949522A2033BA00C4FC4C /* SceneDelegate.swift */; };
		615949582A2033BA00C4FC4C /* Main.storyboard in Resources */ = {isa = PBXBuildFile; fileRef = 615949562A2033BA00C4FC4C /* Main.storyboard */; };
		6159495B2A2033BA00C4FC4C /* FoodRecipes.xcdatamodeld in Sources */ = {isa = PBXBuildFile; fileRef = 615949592A2033BA00C4FC4C /* FoodRecipes.xcdatamodeld */; };
		6159495D2A2033BC00C4FC4C /* Assets.xcassets in Resources */ = {isa = PBXBuildFile; fileRef = 6159495C2A2033BC00C4FC4C /* Assets.xcassets */; };
		6159496B2A2033BC00C4FC4C /* FoodRecipesTests.swift in Sources */ = {isa = PBXBuildFile; fileRef = 6159496A2A2033BC00C4FC4C /* FoodRecipesTests.swift */; };
		615949752A2033BC00C4FC4C /* FoodRecipesUITests.swift in Sources */ = {isa = PBXBuildFile; fileRef = 615949742A2033BC00C4FC4C /* FoodRecipesUITests.swift */; };
		615949772A2033BC00C4FC4C /* FoodRecipesUITestsLaunchTests.swift in Sources */ = {isa = PBXBuildFile; fileRef = 615949762A2033BC00C4FC4C /* FoodRecipesUITestsLaunchTests.swift */; };
		617CBE5C2A2098D9005576C1 /* RecipeRepo.swift in Sources */ = {isa = PBXBuildFile; fileRef = 617CBE5B2A2098D9005576C1 /* RecipeRepo.swift */; };
		617CBE5E2A209912005576C1 /* NetworkProtocol.swift in Sources */ = {isa = PBXBuildFile; fileRef = 617CBE5D2A209912005576C1 /* NetworkProtocol.swift */; };
		617CBE602A20996E005576C1 /* Credit.swift in Sources */ = {isa = PBXBuildFile; fileRef = 617CBE5F2A20996E005576C1 /* Credit.swift */; };
		617CBE682A2099BD005576C1 /* FavouriteViewController.swift in Sources */ = {isa = PBXBuildFile; fileRef = 617CBE672A2099BD005576C1 /* FavouriteViewController.swift */; };
		617CBE6A2A2099C9005576C1 /* HomeViewController.swift in Sources */ = {isa = PBXBuildFile; fileRef = 617CBE692A2099C9005576C1 /* HomeViewController.swift */; };
		6180CE552A21E399008A7335 /* Details.storyboard in Resources */ = {isa = PBXBuildFile; fileRef = 6180CE542A21E399008A7335 /* Details.storyboard */; };
		6180CE572A21E3B2008A7335 /* DetailsViewController.swift in Sources */ = {isa = PBXBuildFile; fileRef = 6180CE562A21E3B2008A7335 /* DetailsViewController.swift */; };
		6180CE592A21EB84008A7335 /* HeaderCollectionReusableView.swift in Sources */ = {isa = PBXBuildFile; fileRef = 6180CE582A21EB84008A7335 /* HeaderCollectionReusableView.swift */; };
		6180CE5B2A21EBAF008A7335 /* TitleDetailsCollectionViewCell.swift in Sources */ = {isa = PBXBuildFile; fileRef = 6180CE5A2A21EBAF008A7335 /* TitleDetailsCollectionViewCell.swift */; };
		6180CE5D2A21EBBB008A7335 /* IngredientCollectionViewCell.swift in Sources */ = {isa = PBXBuildFile; fileRef = 6180CE5C2A21EBBB008A7335 /* IngredientCollectionViewCell.swift */; };
		6180CE5F2A21EBC7008A7335 /* InstructionsCollectionViewCell.swift in Sources */ = {isa = PBXBuildFile; fileRef = 6180CE5E2A21EBC7008A7335 /* InstructionsCollectionViewCell.swift */; };
		6180CE612A21F4D0008A7335 /* DetailsViewModel.swift in Sources */ = {isa = PBXBuildFile; fileRef = 6180CE602A21F4D0008A7335 /* DetailsViewModel.swift */; };
		6180CE692A220652008A7335 /* Mock-response.json in Resources */ = {isa = PBXBuildFile; fileRef = 6180CE682A220652008A7335 /* Mock-response.json */; };
		6180CE6B2A2206F2008A7335 /* MockApiFileLoader.swift in Sources */ = {isa = PBXBuildFile; fileRef = 6180CE6A2A2206F2008A7335 /* MockApiFileLoader.swift */; };
		61CE85F52A221A9D0064CFF8 /* RecipeResponse.swift in Sources */ = {isa = PBXBuildFile; fileRef = 61CE85F42A221A9D0064CFF8 /* RecipeResponse.swift */; };
		61CE85F72A222C8B0064CFF8 /* SimilarRecipeCollectionViewCell.swift in Sources */ = {isa = PBXBuildFile; fileRef = 61CE85F62A222C8B0064CFF8 /* SimilarRecipeCollectionViewCell.swift */; };
		9F18229C2A21E12500A45886 /* Constants.swift in Sources */ = {isa = PBXBuildFile; fileRef = 9F18229B2A21E12500A45886 /* Constants.swift */; };
		9F1A19AC2A209F1A00B7767B /* HomeViewModel.swift in Sources */ = {isa = PBXBuildFile; fileRef = 9F1A19AB2A209F1A00B7767B /* HomeViewModel.swift */; };
		9F1A19AE2A209F8100B7767B /* HomeStoryboard.storyboard in Resources */ = {isa = PBXBuildFile; fileRef = 9F1A19AD2A209F8100B7767B /* HomeStoryboard.storyboard */; };
/* End PBXBuildFile section */

/* Begin PBXContainerItemProxy section */
		615949672A2033BC00C4FC4C /* PBXContainerItemProxy */ = {
			isa = PBXContainerItemProxy;
			containerPortal = 615949452A2033BA00C4FC4C /* Project object */;
			proxyType = 1;
			remoteGlobalIDString = 6159494C2A2033BA00C4FC4C;
			remoteInfo = FoodRecipes;
		};
		615949712A2033BC00C4FC4C /* PBXContainerItemProxy */ = {
			isa = PBXContainerItemProxy;
			containerPortal = 615949452A2033BA00C4FC4C /* Project object */;
			proxyType = 1;
			remoteGlobalIDString = 6159494C2A2033BA00C4FC4C;
			remoteInfo = FoodRecipes;
		};
/* End PBXContainerItemProxy section */

/* Begin PBXFileReference section */
		041C19BD2A22170800096442 /* cellConstants.swift */ = {isa = PBXFileReference; lastKnownFileType = sourcecode.swift; path = cellConstants.swift; sourceTree = "<group>"; };
		043F509F2A20E8A800F502FB /* FavStoryboard.storyboard */ = {isa = PBXFileReference; lastKnownFileType = file.storyboard; path = FavStoryboard.storyboard; sourceTree = "<group>"; };
		0489E4502A209FC100D72497 /* RecipeCell.swift */ = {isa = PBXFileReference; lastKnownFileType = sourcecode.swift; path = RecipeCell.swift; sourceTree = "<group>"; };
		0489E4512A209FC100D72497 /* recipeCell.xib */ = {isa = PBXFileReference; lastKnownFileType = file.xib; path = recipeCell.xib; sourceTree = "<group>"; };
		04989CB42A20AEDE00BC9D05 /* ViewUtilities.swift */ = {isa = PBXFileReference; lastKnownFileType = sourcecode.swift; path = ViewUtilities.swift; sourceTree = "<group>"; };
		04D260F92A20F188009423B7 /* FavModel.swift */ = {isa = PBXFileReference; lastKnownFileType = sourcecode.swift; path = FavModel.swift; sourceTree = "<group>"; };
		04D260FB2A20F1A0009423B7 /* FavViewModel.swift */ = {isa = PBXFileReference; lastKnownFileType = sourcecode.swift; path = FavViewModel.swift; sourceTree = "<group>"; };
		04D260FD2A210271009423B7 /* LocolDatabaseProtocol.swift */ = {isa = PBXFileReference; lastKnownFileType = sourcecode.swift; path = LocolDatabaseProtocol.swift; sourceTree = "<group>"; };
		04D260FF2A210772009423B7 /* CoreDataConstants.swift */ = {isa = PBXFileReference; lastKnownFileType = sourcecode.swift; path = CoreDataConstants.swift; sourceTree = "<group>"; };
		04D261042A21B8B7009423B7 /* internetConnectivity.swift */ = {isa = PBXFileReference; lastKnownFileType = sourcecode.swift; path = internetConnectivity.swift; sourceTree = "<group>"; };
		04D261072A2203B9009423B7 /* LaunchScreenViewController.swift */ = {isa = PBXFileReference; lastKnownFileType = sourcecode.swift; path = LaunchScreenViewController.swift; sourceTree = "<group>"; };
		14DE9C67666DF28BE73C819E /* Pods_FoodRecipes.framework */ = {isa = PBXFileReference; explicitFileType = wrapper.framework; includeInIndex = 0; path = Pods_FoodRecipes.framework; sourceTree = BUILT_PRODUCTS_DIR; };
		61558E7C2A20CABE00D13E55 /* Component.swift */ = {isa = PBXFileReference; lastKnownFileType = sourcecode.swift; path = Component.swift; sourceTree = "<group>"; };
		61558E7E2A20CAF300D13E55 /* Instruction.swift */ = {isa = PBXFileReference; lastKnownFileType = sourcecode.swift; path = Instruction.swift; sourceTree = "<group>"; };
		61558E802A20CB2100D13E55 /* Nutrition.swift */ = {isa = PBXFileReference; lastKnownFileType = sourcecode.swift; path = Nutrition.swift; sourceTree = "<group>"; };
		61558E842A20CB9300D13E55 /* Rendition.swift */ = {isa = PBXFileReference; lastKnownFileType = sourcecode.swift; path = Rendition.swift; sourceTree = "<group>"; };
		61558E862A20CBA900D13E55 /* Result.swift */ = {isa = PBXFileReference; lastKnownFileType = sourcecode.swift; path = Result.swift; sourceTree = "<group>"; };
		61558E882A20CBBE00D13E55 /* Section.swift */ = {isa = PBXFileReference; lastKnownFileType = sourcecode.swift; path = Section.swift; sourceTree = "<group>"; };
		61558E8A2A20CBD000D13E55 /* Show.swift */ = {isa = PBXFileReference; lastKnownFileType = sourcecode.swift; path = Show.swift; sourceTree = "<group>"; };
		61558E8C2A20CBE400D13E55 /* Tag.swift */ = {isa = PBXFileReference; lastKnownFileType = sourcecode.swift; path = Tag.swift; sourceTree = "<group>"; };
		61558E8E2A20CBF300D13E55 /* Topic.swift */ = {isa = PBXFileReference; lastKnownFileType = sourcecode.swift; path = Topic.swift; sourceTree = "<group>"; };
		61558E902A20CC0200D13E55 /* UserRatings.swift */ = {isa = PBXFileReference; lastKnownFileType = sourcecode.swift; path = UserRatings.swift; sourceTree = "<group>"; };
		61558E922A20D82300D13E55 /* MyResponse.swift */ = {isa = PBXFileReference; lastKnownFileType = sourcecode.swift; path = MyResponse.swift; sourceTree = "<group>"; };
		61558E942A20D8C700D13E55 /* Compilation.swift */ = {isa = PBXFileReference; lastKnownFileType = sourcecode.swift; path = Compilation.swift; sourceTree = "<group>"; };
		61558E962A20DA1400D13E55 /* Price.swift */ = {isa = PBXFileReference; lastKnownFileType = sourcecode.swift; path = Price.swift; sourceTree = "<group>"; };
		61558E982A20DA4A00D13E55 /* Measurement.swift */ = {isa = PBXFileReference; lastKnownFileType = sourcecode.swift; path = Measurement.swift; sourceTree = "<group>"; };
		61558E9A2A20DA6F00D13E55 /* Unit.swift */ = {isa = PBXFileReference; lastKnownFileType = sourcecode.swift; path = Unit.swift; sourceTree = "<group>"; };
		61558E9C2A20DA8700D13E55 /* Ingredient.swift */ = {isa = PBXFileReference; lastKnownFileType = sourcecode.swift; path = Ingredient.swift; sourceTree = "<group>"; };
		61558E9E2A20E04B00D13E55 /* Recipe.swift */ = {isa = PBXFileReference; lastKnownFileType = sourcecode.swift; path = Recipe.swift; sourceTree = "<group>"; };
		61558EA02A20E60600D13E55 /* Network.swift */ = {isa = PBXFileReference; lastKnownFileType = sourcecode.swift; path = Network.swift; sourceTree = "<group>"; };
		61558EA22A2110F600D13E55 /* NetworkTests.swift */ = {isa = PBXFileReference; lastKnownFileType = sourcecode.swift; path = NetworkTests.swift; sourceTree = "<group>"; };
		61558EA42A21110E00D13E55 /* NetworkMock.swift */ = {isa = PBXFileReference; lastKnownFileType = sourcecode.swift; path = NetworkMock.swift; sourceTree = "<group>"; };
		61558EA62A21182C00D13E55 /* NetworkMockTests.swift */ = {isa = PBXFileReference; lastKnownFileType = sourcecode.swift; path = NetworkMockTests.swift; sourceTree = "<group>"; };
		6159494D2A2033BA00C4FC4C /* FoodRecipes.app */ = {isa = PBXFileReference; explicitFileType = wrapper.application; includeInIndex = 0; path = FoodRecipes.app; sourceTree = BUILT_PRODUCTS_DIR; };
		615949502A2033BA00C4FC4C /* AppDelegate.swift */ = {isa = PBXFileReference; lastKnownFileType = sourcecode.swift; path = AppDelegate.swift; sourceTree = "<group>"; };
		615949522A2033BA00C4FC4C /* SceneDelegate.swift */ = {isa = PBXFileReference; lastKnownFileType = sourcecode.swift; path = SceneDelegate.swift; sourceTree = "<group>"; };
		615949572A2033BA00C4FC4C /* Base */ = {isa = PBXFileReference; lastKnownFileType = file.storyboard; name = Base; path = Base.lproj/Main.storyboard; sourceTree = "<group>"; };
		6159495A2A2033BA00C4FC4C /* FoodRecipes.xcdatamodel */ = {isa = PBXFileReference; lastKnownFileType = wrapper.xcdatamodel; path = FoodRecipes.xcdatamodel; sourceTree = "<group>"; };
		6159495C2A2033BC00C4FC4C /* Assets.xcassets */ = {isa = PBXFileReference; lastKnownFileType = folder.assetcatalog; path = Assets.xcassets; sourceTree = "<group>"; };
		615949612A2033BC00C4FC4C /* Info.plist */ = {isa = PBXFileReference; lastKnownFileType = text.plist.xml; path = Info.plist; sourceTree = "<group>"; };
		615949662A2033BC00C4FC4C /* FoodRecipesTests.xctest */ = {isa = PBXFileReference; explicitFileType = wrapper.cfbundle; includeInIndex = 0; path = FoodRecipesTests.xctest; sourceTree = BUILT_PRODUCTS_DIR; };
		6159496A2A2033BC00C4FC4C /* FoodRecipesTests.swift */ = {isa = PBXFileReference; lastKnownFileType = sourcecode.swift; path = FoodRecipesTests.swift; sourceTree = "<group>"; };
		615949702A2033BC00C4FC4C /* FoodRecipesUITests.xctest */ = {isa = PBXFileReference; explicitFileType = wrapper.cfbundle; includeInIndex = 0; path = FoodRecipesUITests.xctest; sourceTree = BUILT_PRODUCTS_DIR; };
		615949742A2033BC00C4FC4C /* FoodRecipesUITests.swift */ = {isa = PBXFileReference; lastKnownFileType = sourcecode.swift; path = FoodRecipesUITests.swift; sourceTree = "<group>"; };
		615949762A2033BC00C4FC4C /* FoodRecipesUITestsLaunchTests.swift */ = {isa = PBXFileReference; lastKnownFileType = sourcecode.swift; path = FoodRecipesUITestsLaunchTests.swift; sourceTree = "<group>"; };
		617CBE5B2A2098D9005576C1 /* RecipeRepo.swift */ = {isa = PBXFileReference; lastKnownFileType = sourcecode.swift; path = RecipeRepo.swift; sourceTree = "<group>"; };
		617CBE5D2A209912005576C1 /* NetworkProtocol.swift */ = {isa = PBXFileReference; lastKnownFileType = sourcecode.swift; path = NetworkProtocol.swift; sourceTree = "<group>"; };
		617CBE5F2A20996E005576C1 /* Credit.swift */ = {isa = PBXFileReference; lastKnownFileType = sourcecode.swift; path = Credit.swift; sourceTree = "<group>"; };
		617CBE672A2099BD005576C1 /* FavouriteViewController.swift */ = {isa = PBXFileReference; lastKnownFileType = sourcecode.swift; path = FavouriteViewController.swift; sourceTree = "<group>"; };
		617CBE692A2099C9005576C1 /* HomeViewController.swift */ = {isa = PBXFileReference; lastKnownFileType = sourcecode.swift; path = HomeViewController.swift; sourceTree = "<group>"; };
		6180CE542A21E399008A7335 /* Details.storyboard */ = {isa = PBXFileReference; lastKnownFileType = file.storyboard; path = Details.storyboard; sourceTree = "<group>"; };
		6180CE562A21E3B2008A7335 /* DetailsViewController.swift */ = {isa = PBXFileReference; lastKnownFileType = sourcecode.swift; path = DetailsViewController.swift; sourceTree = "<group>"; };
		6180CE582A21EB84008A7335 /* HeaderCollectionReusableView.swift */ = {isa = PBXFileReference; lastKnownFileType = sourcecode.swift; path = HeaderCollectionReusableView.swift; sourceTree = "<group>"; };
		6180CE5A2A21EBAF008A7335 /* TitleDetailsCollectionViewCell.swift */ = {isa = PBXFileReference; lastKnownFileType = sourcecode.swift; path = TitleDetailsCollectionViewCell.swift; sourceTree = "<group>"; };
		6180CE5C2A21EBBB008A7335 /* IngredientCollectionViewCell.swift */ = {isa = PBXFileReference; lastKnownFileType = sourcecode.swift; path = IngredientCollectionViewCell.swift; sourceTree = "<group>"; };
		6180CE5E2A21EBC7008A7335 /* InstructionsCollectionViewCell.swift */ = {isa = PBXFileReference; lastKnownFileType = sourcecode.swift; path = InstructionsCollectionViewCell.swift; sourceTree = "<group>"; };
		6180CE602A21F4D0008A7335 /* DetailsViewModel.swift */ = {isa = PBXFileReference; lastKnownFileType = sourcecode.swift; path = DetailsViewModel.swift; sourceTree = "<group>"; };
		6180CE682A220652008A7335 /* Mock-response.json */ = {isa = PBXFileReference; lastKnownFileType = text.json; path = "Mock-response.json"; sourceTree = "<group>"; };
		6180CE6A2A2206F2008A7335 /* MockApiFileLoader.swift */ = {isa = PBXFileReference; lastKnownFileType = sourcecode.swift; path = MockApiFileLoader.swift; sourceTree = "<group>"; };
		61CE85F42A221A9D0064CFF8 /* RecipeResponse.swift */ = {isa = PBXFileReference; lastKnownFileType = sourcecode.swift; path = RecipeResponse.swift; sourceTree = "<group>"; };
		61CE85F62A222C8B0064CFF8 /* SimilarRecipeCollectionViewCell.swift */ = {isa = PBXFileReference; lastKnownFileType = sourcecode.swift; path = SimilarRecipeCollectionViewCell.swift; sourceTree = "<group>"; };
		676AAFF217EF0797A7CE922B /* Pods-FoodRecipes.release.xcconfig */ = {isa = PBXFileReference; includeInIndex = 1; lastKnownFileType = text.xcconfig; name = "Pods-FoodRecipes.release.xcconfig"; path = "Target Support Files/Pods-FoodRecipes/Pods-FoodRecipes.release.xcconfig"; sourceTree = "<group>"; };
		6E0CB817DD2C7843EC3D6D7F /* Pods-FoodRecipes.debug.xcconfig */ = {isa = PBXFileReference; includeInIndex = 1; lastKnownFileType = text.xcconfig; name = "Pods-FoodRecipes.debug.xcconfig"; path = "Target Support Files/Pods-FoodRecipes/Pods-FoodRecipes.debug.xcconfig"; sourceTree = "<group>"; };
		9F18229B2A21E12500A45886 /* Constants.swift */ = {isa = PBXFileReference; lastKnownFileType = sourcecode.swift; path = Constants.swift; sourceTree = "<group>"; };
		9F1A19AB2A209F1A00B7767B /* HomeViewModel.swift */ = {isa = PBXFileReference; lastKnownFileType = sourcecode.swift; path = HomeViewModel.swift; sourceTree = "<group>"; };
		9F1A19AD2A209F8100B7767B /* HomeStoryboard.storyboard */ = {isa = PBXFileReference; lastKnownFileType = file.storyboard; path = HomeStoryboard.storyboard; sourceTree = "<group>"; };
/* End PBXFileReference section */

/* Begin PBXFrameworksBuildPhase section */
		6159494A2A2033BA00C4FC4C /* Frameworks */ = {
			isa = PBXFrameworksBuildPhase;
			buildActionMask = 2147483647;
			files = (
				2C38067A68D0ADD16A52E2EF /* Pods_FoodRecipes.framework in Frameworks */,
			);
			runOnlyForDeploymentPostprocessing = 0;
		};
		615949632A2033BC00C4FC4C /* Frameworks */ = {
			isa = PBXFrameworksBuildPhase;
			buildActionMask = 2147483647;
			files = (
			);
			runOnlyForDeploymentPostprocessing = 0;
		};
		6159496D2A2033BC00C4FC4C /* Frameworks */ = {
			isa = PBXFrameworksBuildPhase;
			buildActionMask = 2147483647;
			files = (
			);
			runOnlyForDeploymentPostprocessing = 0;
		};
/* End PBXFrameworksBuildPhase section */

/* Begin PBXGroup section */
		04989CB32A20AE7700BC9D05 /* Utilities */ = {
			isa = PBXGroup;
			children = (
				04989CB42A20AEDE00BC9D05 /* ViewUtilities.swift */,
				04D260FF2A210772009423B7 /* CoreDataConstants.swift */,
				041C19BD2A22170800096442 /* cellConstants.swift */,
			);
			path = Utilities;
			sourceTree = "<group>";
		};
		04D260F62A20EEFB009423B7 /* FavModel */ = {
			isa = PBXGroup;
			children = (
				04D260F92A20F188009423B7 /* FavModel.swift */,
			);
			path = FavModel;
			sourceTree = "<group>";
		};
		04D260F72A20EF28009423B7 /* FavView */ = {
			isa = PBXGroup;
			children = (
				043F509F2A20E8A800F502FB /* FavStoryboard.storyboard */,
				617CBE672A2099BD005576C1 /* FavouriteViewController.swift */,
			);
			path = FavView;
			sourceTree = "<group>";
		};
		04D260F82A20EF31009423B7 /* FavViewModel */ = {
			isa = PBXGroup;
			children = (
				04D260FB2A20F1A0009423B7 /* FavViewModel.swift */,
			);
			path = FavViewModel;
			sourceTree = "<group>";
		};
		04D261062A21F699009423B7 /* CoreDataTest */ = {
			isa = PBXGroup;
			children = (
			);
			path = CoreDataTest;
			sourceTree = "<group>";
		};
		06C9B89DF79095235BB0A739 /* Frameworks */ = {
			isa = PBXGroup;
			children = (
				14DE9C67666DF28BE73C819E /* Pods_FoodRecipes.framework */,
			);
			name = Frameworks;
			sourceTree = "<group>";
		};
		1974F02576A892F88A6E5F0C /* Pods */ = {
			isa = PBXGroup;
			children = (
				6E0CB817DD2C7843EC3D6D7F /* Pods-FoodRecipes.debug.xcconfig */,
				676AAFF217EF0797A7CE922B /* Pods-FoodRecipes.release.xcconfig */,
			);
			path = Pods;
			sourceTree = "<group>";
		};
		61558E5D2A209F7900D13E55 /* Launch */ = {
			isa = PBXGroup;
			children = (
				61558E5E2A209FE800D13E55 /* View */,
			);
			path = Launch;
			sourceTree = "<group>";
		};
		61558E5E2A209FE800D13E55 /* View */ = {
			isa = PBXGroup;
			children = (

				04D261072A2203B9009423B7 /* LaunchScreenViewController.swift */,

			);
			path = View;
			sourceTree = "<group>";
		};
		615949442A2033BA00C4FC4C = {
			isa = PBXGroup;
			children = (
				6159494F2A2033BA00C4FC4C /* FoodRecipes */,
				615949692A2033BC00C4FC4C /* FoodRecipesTests */,
				615949732A2033BC00C4FC4C /* FoodRecipesUITests */,
				6159494E2A2033BA00C4FC4C /* Products */,
				1974F02576A892F88A6E5F0C /* Pods */,
				06C9B89DF79095235BB0A739 /* Frameworks */,
			);
			sourceTree = "<group>";
		};
		6159494E2A2033BA00C4FC4C /* Products */ = {
			isa = PBXGroup;
			children = (
				6159494D2A2033BA00C4FC4C /* FoodRecipes.app */,
				615949662A2033BC00C4FC4C /* FoodRecipesTests.xctest */,
				615949702A2033BC00C4FC4C /* FoodRecipesUITests.xctest */,
			);
			name = Products;
			sourceTree = "<group>";
		};
		6159494F2A2033BA00C4FC4C /* FoodRecipes */ = {
			isa = PBXGroup;
			children = (
				04989CB32A20AE7700BC9D05 /* Utilities */,
				617CBE582A209838005576C1 /* Service */,
				617CBE572A209828005576C1 /* Model */,
				617CBE562A209803005576C1 /* Module */,
				617CBE552A2097FC005576C1 /* View */,
				615949502A2033BA00C4FC4C /* AppDelegate.swift */,
				615949522A2033BA00C4FC4C /* SceneDelegate.swift */,
				6159495C2A2033BC00C4FC4C /* Assets.xcassets */,
				615949612A2033BC00C4FC4C /* Info.plist */,
				615949592A2033BA00C4FC4C /* FoodRecipes.xcdatamodeld */,
				9F18229B2A21E12500A45886 /* Constants.swift */,
			);
			path = FoodRecipes;
			sourceTree = "<group>";
		};
		615949692A2033BC00C4FC4C /* FoodRecipesTests */ = {
			isa = PBXGroup;
			children = (
				04D261062A21F699009423B7 /* CoreDataTest */,
				6159496A2A2033BC00C4FC4C /* FoodRecipesTests.swift */,
				61558EA22A2110F600D13E55 /* NetworkTests.swift */,
				61558EA42A21110E00D13E55 /* NetworkMock.swift */,
				61558EA62A21182C00D13E55 /* NetworkMockTests.swift */,
				6180CE682A220652008A7335 /* Mock-response.json */,
				6180CE6A2A2206F2008A7335 /* MockApiFileLoader.swift */,
			);
			path = FoodRecipesTests;
			sourceTree = "<group>";
		};
		615949732A2033BC00C4FC4C /* FoodRecipesUITests */ = {
			isa = PBXGroup;
			children = (
				615949742A2033BC00C4FC4C /* FoodRecipesUITests.swift */,
				615949762A2033BC00C4FC4C /* FoodRecipesUITestsLaunchTests.swift */,
			);
			path = FoodRecipesUITests;
			sourceTree = "<group>";
		};
		617CBE552A2097FC005576C1 /* View */ = {
			isa = PBXGroup;
			children = (
				615949562A2033BA00C4FC4C /* Main.storyboard */,
				0489E4502A209FC100D72497 /* RecipeCell.swift */,
				0489E4512A209FC100D72497 /* recipeCell.xib */,
			);
			path = View;
			sourceTree = "<group>";
		};
		617CBE562A209803005576C1 /* Module */ = {
			isa = PBXGroup;
			children = (
				61558E5D2A209F7900D13E55 /* Launch */,
				617CBE642A20998E005576C1 /* Details */,
				617CBE632A209986005576C1 /* Favourite */,
				617CBE622A209980005576C1 /* Home */,
			);
			path = Module;
			sourceTree = "<group>";
		};
		617CBE572A209828005576C1 /* Model */ = {
			isa = PBXGroup;
			children = (
				61558E922A20D82300D13E55 /* MyResponse.swift */,
				61558E862A20CBA900D13E55 /* Result.swift */,
				61558E882A20CBBE00D13E55 /* Section.swift */,
				617CBE5F2A20996E005576C1 /* Credit.swift */,
				61558E8C2A20CBE400D13E55 /* Tag.swift */,
				61558E9C2A20DA8700D13E55 /* Ingredient.swift */,
				61558E8A2A20CBD000D13E55 /* Show.swift */,
				61558E7E2A20CAF300D13E55 /* Instruction.swift */,
				61558E802A20CB2100D13E55 /* Nutrition.swift */,
				61558E902A20CC0200D13E55 /* UserRatings.swift */,
				61558E9A2A20DA6F00D13E55 /* Unit.swift */,
				61558E982A20DA4A00D13E55 /* Measurement.swift */,
				61558E8E2A20CBF300D13E55 /* Topic.swift */,
				61558E962A20DA1400D13E55 /* Price.swift */,
				61558E9E2A20E04B00D13E55 /* Recipe.swift */,
				61558E7C2A20CABE00D13E55 /* Component.swift */,
				61558E842A20CB9300D13E55 /* Rendition.swift */,
				61558E942A20D8C700D13E55 /* Compilation.swift */,
				61CE85F42A221A9D0064CFF8 /* RecipeResponse.swift */,
			);
			path = Model;
			sourceTree = "<group>";
		};
		617CBE582A209838005576C1 /* Service */ = {
			isa = PBXGroup;
			children = (
				617CBE5A2A20984A005576C1 /* LocalSource */,
				617CBE592A20983F005576C1 /* RemoteSource */,
			);
			path = Service;
			sourceTree = "<group>";
		};
		617CBE592A20983F005576C1 /* RemoteSource */ = {
			isa = PBXGroup;
			children = (
				617CBE5D2A209912005576C1 /* NetworkProtocol.swift */,
				61558EA02A20E60600D13E55 /* Network.swift */,
				04D261042A21B8B7009423B7 /* internetConnectivity.swift */,
			);
			path = RemoteSource;
			sourceTree = "<group>";
		};
		617CBE5A2A20984A005576C1 /* LocalSource */ = {
			isa = PBXGroup;
			children = (
				617CBE5B2A2098D9005576C1 /* RecipeRepo.swift */,
				04D260FD2A210271009423B7 /* LocolDatabaseProtocol.swift */,
			);
			path = LocalSource;
			sourceTree = "<group>";
		};
		617CBE622A209980005576C1 /* Home */ = {
			isa = PBXGroup;
			children = (
				9F1A19AA2A209EDE00B7767B /* ViewModel */,
				9F1A19A92A209ED500B7767B /* Model */,
				9F1A19A82A209EB800B7767B /* View */,
			);
			path = Home;
			sourceTree = "<group>";
		};
		617CBE632A209986005576C1 /* Favourite */ = {
			isa = PBXGroup;
			children = (
				04D260F82A20EF31009423B7 /* FavViewModel */,
				04D260F72A20EF28009423B7 /* FavView */,
				04D260F62A20EEFB009423B7 /* FavModel */,
			);
			path = Favourite;
			sourceTree = "<group>";
		};
		617CBE642A20998E005576C1 /* Details */ = {
			isa = PBXGroup;
			children = (
				617CBE662A2099A6005576C1 /* ViewModel */,
				617CBE652A209993005576C1 /* View */,
			);
			path = Details;
			sourceTree = "<group>";
		};
		617CBE652A209993005576C1 /* View */ = {
			isa = PBXGroup;
			children = (
				6180CE542A21E399008A7335 /* Details.storyboard */,
				6180CE562A21E3B2008A7335 /* DetailsViewController.swift */,
				6180CE582A21EB84008A7335 /* HeaderCollectionReusableView.swift */,
				6180CE5A2A21EBAF008A7335 /* TitleDetailsCollectionViewCell.swift */,
				6180CE5C2A21EBBB008A7335 /* IngredientCollectionViewCell.swift */,
				6180CE5E2A21EBC7008A7335 /* InstructionsCollectionViewCell.swift */,
				61CE85F62A222C8B0064CFF8 /* SimilarRecipeCollectionViewCell.swift */,
			);
			path = View;
			sourceTree = "<group>";
		};
		617CBE662A2099A6005576C1 /* ViewModel */ = {
			isa = PBXGroup;
			children = (
				6180CE602A21F4D0008A7335 /* DetailsViewModel.swift */,
			);
			path = ViewModel;
			sourceTree = "<group>";
		};
		9F1A19A82A209EB800B7767B /* View */ = {
			isa = PBXGroup;
			children = (
				617CBE692A2099C9005576C1 /* HomeViewController.swift */,
				9F1A19AD2A209F8100B7767B /* HomeStoryboard.storyboard */,
			);
			path = View;
			sourceTree = "<group>";
		};
		9F1A19A92A209ED500B7767B /* Model */ = {
			isa = PBXGroup;
			children = (
			);
			path = Model;
			sourceTree = "<group>";
		};
		9F1A19AA2A209EDE00B7767B /* ViewModel */ = {
			isa = PBXGroup;
			children = (
				9F1A19AB2A209F1A00B7767B /* HomeViewModel.swift */,
			);
			path = ViewModel;
			sourceTree = "<group>";
		};
/* End PBXGroup section */

/* Begin PBXNativeTarget section */
		6159494C2A2033BA00C4FC4C /* FoodRecipes */ = {
			isa = PBXNativeTarget;
			buildConfigurationList = 6159497A2A2033BC00C4FC4C /* Build configuration list for PBXNativeTarget "FoodRecipes" */;
			buildPhases = (
				118FF4D488037606257A5AF6 /* [CP] Check Pods Manifest.lock */,
				615949492A2033BA00C4FC4C /* Sources */,
				6159494A2A2033BA00C4FC4C /* Frameworks */,
				6159494B2A2033BA00C4FC4C /* Resources */,
				88FDF74559CB10679C098CE3 /* [CP] Embed Pods Frameworks */,
			);
			buildRules = (
			);
			dependencies = (
			);
			name = FoodRecipes;
			productName = FoodRecipes;
			productReference = 6159494D2A2033BA00C4FC4C /* FoodRecipes.app */;
			productType = "com.apple.product-type.application";
		};
		615949652A2033BC00C4FC4C /* FoodRecipesTests */ = {
			isa = PBXNativeTarget;
			buildConfigurationList = 6159497D2A2033BC00C4FC4C /* Build configuration list for PBXNativeTarget "FoodRecipesTests" */;
			buildPhases = (
				615949622A2033BC00C4FC4C /* Sources */,
				615949632A2033BC00C4FC4C /* Frameworks */,
				615949642A2033BC00C4FC4C /* Resources */,
			);
			buildRules = (
			);
			dependencies = (
				615949682A2033BC00C4FC4C /* PBXTargetDependency */,
			);
			name = FoodRecipesTests;
			productName = FoodRecipesTests;
			productReference = 615949662A2033BC00C4FC4C /* FoodRecipesTests.xctest */;
			productType = "com.apple.product-type.bundle.unit-test";
		};
		6159496F2A2033BC00C4FC4C /* FoodRecipesUITests */ = {
			isa = PBXNativeTarget;
			buildConfigurationList = 615949802A2033BC00C4FC4C /* Build configuration list for PBXNativeTarget "FoodRecipesUITests" */;
			buildPhases = (
				6159496C2A2033BC00C4FC4C /* Sources */,
				6159496D2A2033BC00C4FC4C /* Frameworks */,
				6159496E2A2033BC00C4FC4C /* Resources */,
			);
			buildRules = (
			);
			dependencies = (
				615949722A2033BC00C4FC4C /* PBXTargetDependency */,
			);
			name = FoodRecipesUITests;
			productName = FoodRecipesUITests;
			productReference = 615949702A2033BC00C4FC4C /* FoodRecipesUITests.xctest */;
			productType = "com.apple.product-type.bundle.ui-testing";
		};
/* End PBXNativeTarget section */

/* Begin PBXProject section */
		615949452A2033BA00C4FC4C /* Project object */ = {
			isa = PBXProject;
			attributes = {
				BuildIndependentTargetsInParallel = 1;
				LastSwiftUpdateCheck = 1410;
				LastUpgradeCheck = 1410;
				TargetAttributes = {
					6159494C2A2033BA00C4FC4C = {
						CreatedOnToolsVersion = 14.1;
					};
					615949652A2033BC00C4FC4C = {
						CreatedOnToolsVersion = 14.1;
						TestTargetID = 6159494C2A2033BA00C4FC4C;
					};
					6159496F2A2033BC00C4FC4C = {
						CreatedOnToolsVersion = 14.1;
						TestTargetID = 6159494C2A2033BA00C4FC4C;
					};
				};
			};
			buildConfigurationList = 615949482A2033BA00C4FC4C /* Build configuration list for PBXProject "FoodRecipes" */;
			compatibilityVersion = "Xcode 14.0";
			developmentRegion = en;
			hasScannedForEncodings = 0;
			knownRegions = (
				en,
				Base,
			);
			mainGroup = 615949442A2033BA00C4FC4C;
			productRefGroup = 6159494E2A2033BA00C4FC4C /* Products */;
			projectDirPath = "";
			projectRoot = "";
			targets = (
				6159494C2A2033BA00C4FC4C /* FoodRecipes */,
				615949652A2033BC00C4FC4C /* FoodRecipesTests */,
				6159496F2A2033BC00C4FC4C /* FoodRecipesUITests */,
			);
		};
/* End PBXProject section */

/* Begin PBXResourcesBuildPhase section */
		6159494B2A2033BA00C4FC4C /* Resources */ = {
			isa = PBXResourcesBuildPhase;
			buildActionMask = 2147483647;
			files = (
				043F50A02A20E8A800F502FB /* FavStoryboard.storyboard in Resources */,
				6159495D2A2033BC00C4FC4C /* Assets.xcassets in Resources */,
				6180CE552A21E399008A7335 /* Details.storyboard in Resources */,
				9F1A19AE2A209F8100B7767B /* HomeStoryboard.storyboard in Resources */,
				615949582A2033BA00C4FC4C /* Main.storyboard in Resources */,
				0489E4532A209FC100D72497 /* recipeCell.xib in Resources */,
			);
			runOnlyForDeploymentPostprocessing = 0;
		};
		615949642A2033BC00C4FC4C /* Resources */ = {
			isa = PBXResourcesBuildPhase;
			buildActionMask = 2147483647;
			files = (
				6180CE692A220652008A7335 /* Mock-response.json in Resources */,
			);
			runOnlyForDeploymentPostprocessing = 0;
		};
		6159496E2A2033BC00C4FC4C /* Resources */ = {
			isa = PBXResourcesBuildPhase;
			buildActionMask = 2147483647;
			files = (
			);
			runOnlyForDeploymentPostprocessing = 0;
		};
/* End PBXResourcesBuildPhase section */

/* Begin PBXShellScriptBuildPhase section */
		118FF4D488037606257A5AF6 /* [CP] Check Pods Manifest.lock */ = {
			isa = PBXShellScriptBuildPhase;
			buildActionMask = 2147483647;
			files = (
			);
			inputFileListPaths = (
			);
			inputPaths = (
				"${PODS_PODFILE_DIR_PATH}/Podfile.lock",
				"${PODS_ROOT}/Manifest.lock",
			);
			name = "[CP] Check Pods Manifest.lock";
			outputFileListPaths = (
			);
			outputPaths = (
				"$(DERIVED_FILE_DIR)/Pods-FoodRecipes-checkManifestLockResult.txt",
			);
			runOnlyForDeploymentPostprocessing = 0;
			shellPath = /bin/sh;
			shellScript = "diff \"${PODS_PODFILE_DIR_PATH}/Podfile.lock\" \"${PODS_ROOT}/Manifest.lock\" > /dev/null\nif [ $? != 0 ] ; then\n    # print error to STDERR\n    echo \"error: The sandbox is not in sync with the Podfile.lock. Run 'pod install' or update your CocoaPods installation.\" >&2\n    exit 1\nfi\n# This output is used by Xcode 'outputs' to avoid re-running this script phase.\necho \"SUCCESS\" > \"${SCRIPT_OUTPUT_FILE_0}\"\n";
			showEnvVarsInLog = 0;
		};
		88FDF74559CB10679C098CE3 /* [CP] Embed Pods Frameworks */ = {
			isa = PBXShellScriptBuildPhase;
			buildActionMask = 2147483647;
			files = (
			);
			inputFileListPaths = (
				"${PODS_ROOT}/Target Support Files/Pods-FoodRecipes/Pods-FoodRecipes-frameworks-${CONFIGURATION}-input-files.xcfilelist",
			);
			name = "[CP] Embed Pods Frameworks";
			outputFileListPaths = (
				"${PODS_ROOT}/Target Support Files/Pods-FoodRecipes/Pods-FoodRecipes-frameworks-${CONFIGURATION}-output-files.xcfilelist",
			);
			runOnlyForDeploymentPostprocessing = 0;
			shellPath = /bin/sh;
			shellScript = "\"${PODS_ROOT}/Target Support Files/Pods-FoodRecipes/Pods-FoodRecipes-frameworks.sh\"\n";
			showEnvVarsInLog = 0;
		};
/* End PBXShellScriptBuildPhase section */

/* Begin PBXSourcesBuildPhase section */
		615949492A2033BA00C4FC4C /* Sources */ = {
			isa = PBXSourcesBuildPhase;
			buildActionMask = 2147483647;
			files = (

				04D261082A2203B9009423B7 /* LaunchScreenViewController.swift in Sources */,
				0489E4522A209FC100D72497 /* RecipeCell.swift in Sources */,
				04D261002A210772009423B7 /* CoreDataConstants.swift in Sources */,
				04D260FC2A20F1A0009423B7 /* FavViewModel.swift in Sources */,
				04D260FE2A210271009423B7 /* LocolDatabaseProtocol.swift in Sources */,
				617CBE5E2A209912005576C1 /* NetworkProtocol.swift in Sources */,
				9F1A19AC2A209F1A00B7767B /* HomeViewModel.swift in Sources */,

				61558E8B2A20CBD000D13E55 /* Show.swift in Sources */,
				61558E992A20DA4A00D13E55 /* Measurement.swift in Sources */,
				615949512A2033BA00C4FC4C /* AppDelegate.swift in Sources */,
				61558E8F2A20CBF400D13E55 /* Topic.swift in Sources */,
				61558E812A20CB2100D13E55 /* Nutrition.swift in Sources */,
				617CBE5E2A209912005576C1 /* NetworkProtocol.swift in Sources */,

				041C19BE2A22170800096442 /* cellConstants.swift in Sources */,

				6180CE612A21F4D0008A7335 /* DetailsViewModel.swift in Sources */,
				6180CE5F2A21EBC7008A7335 /* InstructionsCollectionViewCell.swift in Sources */,
				6180CE5D2A21EBBB008A7335 /* IngredientCollectionViewCell.swift in Sources */,
				6180CE572A21E3B2008A7335 /* DetailsViewController.swift in Sources */,
				6180CE592A21EB84008A7335 /* HeaderCollectionReusableView.swift in Sources */,

				615949532A2033BA00C4FC4C /* SceneDelegate.swift in Sources */,
				04D261052A21B8B7009423B7 /* internetConnectivity.swift in Sources */,
				9F18229C2A21E12500A45886 /* Constants.swift in Sources */,
				61558E912A20CC0200D13E55 /* UserRatings.swift in Sources */,
				61558E932A20D82300D13E55 /* MyResponse.swift in Sources */,
				61558E8D2A20CBE400D13E55 /* Tag.swift in Sources */,
				61558E7F2A20CAF300D13E55 /* Instruction.swift in Sources */,
				61558E872A20CBA900D13E55 /* Result.swift in Sources */,
				61558E972A20DA1400D13E55 /* Price.swift in Sources */,
				61558E9D2A20DA8700D13E55 /* Ingredient.swift in Sources */,
				61558E852A20CB9300D13E55 /* Rendition.swift in Sources */,
				61CE85F72A222C8B0064CFF8 /* SimilarRecipeCollectionViewCell.swift in Sources */,
				61558E9B2A20DA6F00D13E55 /* Unit.swift in Sources */,
				9F1A19AC2A209F1A00B7767B /* HomeViewModel.swift in Sources */,
				617CBE682A2099BD005576C1 /* FavouriteViewController.swift in Sources */,
				617CBE6A2A2099C9005576C1 /* HomeViewController.swift in Sources */,
				6180CE5B2A21EBAF008A7335 /* TitleDetailsCollectionViewCell.swift in Sources */,
				04989CB52A20AEDE00BC9D05 /* ViewUtilities.swift in Sources */,
				617CBE602A20996E005576C1 /* Credit.swift in Sources */,
				6159495B2A2033BA00C4FC4C /* FoodRecipes.xcdatamodeld in Sources */,
				04D260FA2A20F188009423B7 /* FavModel.swift in Sources */,
				617CBE5C2A2098D9005576C1 /* RecipeRepo.swift in Sources */,
				61558E892A20CBBE00D13E55 /* Section.swift in Sources */,
				61558E952A20D8C700D13E55 /* Compilation.swift in Sources */,
				61558EA12A20E60600D13E55 /* Network.swift in Sources */,
				61CE85F52A221A9D0064CFF8 /* RecipeResponse.swift in Sources */,
				61558E9F2A20E04B00D13E55 /* Recipe.swift in Sources */,
				617CBE5C2A2098D9005576C1 /* RecipeRepo.swift in Sources */,
				617CBE5C2A2098D9005576C1 /* RecipeRepo.swift in Sources */,
				61558E7D2A20CABE00D13E55 /* Component.swift in Sources */,
				617CBE5C2A2098D9005576C1 /* RecipeRepo.swift in Sources */,
			);
			runOnlyForDeploymentPostprocessing = 0;
		};
		615949622A2033BC00C4FC4C /* Sources */ = {
			isa = PBXSourcesBuildPhase;
			buildActionMask = 2147483647;
			files = (
				6180CE6B2A2206F2008A7335 /* MockApiFileLoader.swift in Sources */,
				61558EA72A21182C00D13E55 /* NetworkMockTests.swift in Sources */,
				61558EA32A2110F600D13E55 /* NetworkTests.swift in Sources */,
				6159496B2A2033BC00C4FC4C /* FoodRecipesTests.swift in Sources */,
				61558EA52A21110E00D13E55 /* NetworkMock.swift in Sources */,
			);
			runOnlyForDeploymentPostprocessing = 0;
		};
		6159496C2A2033BC00C4FC4C /* Sources */ = {
			isa = PBXSourcesBuildPhase;
			buildActionMask = 2147483647;
			files = (
				615949772A2033BC00C4FC4C /* FoodRecipesUITestsLaunchTests.swift in Sources */,
				615949752A2033BC00C4FC4C /* FoodRecipesUITests.swift in Sources */,
			);
			runOnlyForDeploymentPostprocessing = 0;
		};
/* End PBXSourcesBuildPhase section */

/* Begin PBXTargetDependency section */
		615949682A2033BC00C4FC4C /* PBXTargetDependency */ = {
			isa = PBXTargetDependency;
			target = 6159494C2A2033BA00C4FC4C /* FoodRecipes */;
			targetProxy = 615949672A2033BC00C4FC4C /* PBXContainerItemProxy */;
		};
		615949722A2033BC00C4FC4C /* PBXTargetDependency */ = {
			isa = PBXTargetDependency;
			target = 6159494C2A2033BA00C4FC4C /* FoodRecipes */;
			targetProxy = 615949712A2033BC00C4FC4C /* PBXContainerItemProxy */;
		};
/* End PBXTargetDependency section */

/* Begin PBXVariantGroup section */
		615949562A2033BA00C4FC4C /* Main.storyboard */ = {
			isa = PBXVariantGroup;
			children = (
				615949572A2033BA00C4FC4C /* Base */,
			);
			name = Main.storyboard;
			sourceTree = "<group>";
		};
/* End PBXVariantGroup section */

/* Begin XCBuildConfiguration section */
		615949782A2033BC00C4FC4C /* Debug */ = {
			isa = XCBuildConfiguration;
			buildSettings = {
				ALWAYS_SEARCH_USER_PATHS = NO;
				CLANG_ANALYZER_NONNULL = YES;
				CLANG_ANALYZER_NUMBER_OBJECT_CONVERSION = YES_AGGRESSIVE;
				CLANG_CXX_LANGUAGE_STANDARD = "gnu++20";
				CLANG_ENABLE_MODULES = YES;
				CLANG_ENABLE_OBJC_ARC = YES;
				CLANG_ENABLE_OBJC_WEAK = YES;
				CLANG_WARN_BLOCK_CAPTURE_AUTORELEASING = YES;
				CLANG_WARN_BOOL_CONVERSION = YES;
				CLANG_WARN_COMMA = YES;
				CLANG_WARN_CONSTANT_CONVERSION = YES;
				CLANG_WARN_DEPRECATED_OBJC_IMPLEMENTATIONS = YES;
				CLANG_WARN_DIRECT_OBJC_ISA_USAGE = YES_ERROR;
				CLANG_WARN_DOCUMENTATION_COMMENTS = YES;
				CLANG_WARN_EMPTY_BODY = YES;
				CLANG_WARN_ENUM_CONVERSION = YES;
				CLANG_WARN_INFINITE_RECURSION = YES;
				CLANG_WARN_INT_CONVERSION = YES;
				CLANG_WARN_NON_LITERAL_NULL_CONVERSION = YES;
				CLANG_WARN_OBJC_IMPLICIT_RETAIN_SELF = YES;
				CLANG_WARN_OBJC_LITERAL_CONVERSION = YES;
				CLANG_WARN_OBJC_ROOT_CLASS = YES_ERROR;
				CLANG_WARN_QUOTED_INCLUDE_IN_FRAMEWORK_HEADER = YES;
				CLANG_WARN_RANGE_LOOP_ANALYSIS = YES;
				CLANG_WARN_STRICT_PROTOTYPES = YES;
				CLANG_WARN_SUSPICIOUS_MOVE = YES;
				CLANG_WARN_UNGUARDED_AVAILABILITY = YES_AGGRESSIVE;
				CLANG_WARN_UNREACHABLE_CODE = YES;
				CLANG_WARN__DUPLICATE_METHOD_MATCH = YES;
				COPY_PHASE_STRIP = NO;
				DEBUG_INFORMATION_FORMAT = dwarf;
				ENABLE_STRICT_OBJC_MSGSEND = YES;
				ENABLE_TESTABILITY = YES;
				GCC_C_LANGUAGE_STANDARD = gnu11;
				GCC_DYNAMIC_NO_PIC = NO;
				GCC_NO_COMMON_BLOCKS = YES;
				GCC_OPTIMIZATION_LEVEL = 0;
				GCC_PREPROCESSOR_DEFINITIONS = (
					"DEBUG=1",
					"$(inherited)",
				);
				GCC_WARN_64_TO_32_BIT_CONVERSION = YES;
				GCC_WARN_ABOUT_RETURN_TYPE = YES_ERROR;
				GCC_WARN_UNDECLARED_SELECTOR = YES;
				GCC_WARN_UNINITIALIZED_AUTOS = YES_AGGRESSIVE;
				GCC_WARN_UNUSED_FUNCTION = YES;
				GCC_WARN_UNUSED_VARIABLE = YES;
				IPHONEOS_DEPLOYMENT_TARGET = 16.1;
				MTL_ENABLE_DEBUG_INFO = INCLUDE_SOURCE;
				MTL_FAST_MATH = YES;
				ONLY_ACTIVE_ARCH = YES;
				SDKROOT = iphoneos;
				SWIFT_ACTIVE_COMPILATION_CONDITIONS = DEBUG;
				SWIFT_OPTIMIZATION_LEVEL = "-Onone";
			};
			name = Debug;
		};
		615949792A2033BC00C4FC4C /* Release */ = {
			isa = XCBuildConfiguration;
			buildSettings = {
				ALWAYS_SEARCH_USER_PATHS = NO;
				CLANG_ANALYZER_NONNULL = YES;
				CLANG_ANALYZER_NUMBER_OBJECT_CONVERSION = YES_AGGRESSIVE;
				CLANG_CXX_LANGUAGE_STANDARD = "gnu++20";
				CLANG_ENABLE_MODULES = YES;
				CLANG_ENABLE_OBJC_ARC = YES;
				CLANG_ENABLE_OBJC_WEAK = YES;
				CLANG_WARN_BLOCK_CAPTURE_AUTORELEASING = YES;
				CLANG_WARN_BOOL_CONVERSION = YES;
				CLANG_WARN_COMMA = YES;
				CLANG_WARN_CONSTANT_CONVERSION = YES;
				CLANG_WARN_DEPRECATED_OBJC_IMPLEMENTATIONS = YES;
				CLANG_WARN_DIRECT_OBJC_ISA_USAGE = YES_ERROR;
				CLANG_WARN_DOCUMENTATION_COMMENTS = YES;
				CLANG_WARN_EMPTY_BODY = YES;
				CLANG_WARN_ENUM_CONVERSION = YES;
				CLANG_WARN_INFINITE_RECURSION = YES;
				CLANG_WARN_INT_CONVERSION = YES;
				CLANG_WARN_NON_LITERAL_NULL_CONVERSION = YES;
				CLANG_WARN_OBJC_IMPLICIT_RETAIN_SELF = YES;
				CLANG_WARN_OBJC_LITERAL_CONVERSION = YES;
				CLANG_WARN_OBJC_ROOT_CLASS = YES_ERROR;
				CLANG_WARN_QUOTED_INCLUDE_IN_FRAMEWORK_HEADER = YES;
				CLANG_WARN_RANGE_LOOP_ANALYSIS = YES;
				CLANG_WARN_STRICT_PROTOTYPES = YES;
				CLANG_WARN_SUSPICIOUS_MOVE = YES;
				CLANG_WARN_UNGUARDED_AVAILABILITY = YES_AGGRESSIVE;
				CLANG_WARN_UNREACHABLE_CODE = YES;
				CLANG_WARN__DUPLICATE_METHOD_MATCH = YES;
				COPY_PHASE_STRIP = NO;
				DEBUG_INFORMATION_FORMAT = "dwarf-with-dsym";
				ENABLE_NS_ASSERTIONS = NO;
				ENABLE_STRICT_OBJC_MSGSEND = YES;
				GCC_C_LANGUAGE_STANDARD = gnu11;
				GCC_NO_COMMON_BLOCKS = YES;
				GCC_WARN_64_TO_32_BIT_CONVERSION = YES;
				GCC_WARN_ABOUT_RETURN_TYPE = YES_ERROR;
				GCC_WARN_UNDECLARED_SELECTOR = YES;
				GCC_WARN_UNINITIALIZED_AUTOS = YES_AGGRESSIVE;
				GCC_WARN_UNUSED_FUNCTION = YES;
				GCC_WARN_UNUSED_VARIABLE = YES;
				IPHONEOS_DEPLOYMENT_TARGET = 16.1;
				MTL_ENABLE_DEBUG_INFO = NO;
				MTL_FAST_MATH = YES;
				SDKROOT = iphoneos;
				SWIFT_COMPILATION_MODE = wholemodule;
				SWIFT_OPTIMIZATION_LEVEL = "-O";
				VALIDATE_PRODUCT = YES;
			};
			name = Release;
		};
		6159497B2A2033BC00C4FC4C /* Debug */ = {
			isa = XCBuildConfiguration;
			baseConfigurationReference = 6E0CB817DD2C7843EC3D6D7F /* Pods-FoodRecipes.debug.xcconfig */;
			buildSettings = {
				ASSETCATALOG_COMPILER_APPICON_NAME = AppIcon;
				ASSETCATALOG_COMPILER_GLOBAL_ACCENT_COLOR_NAME = AccentColor;
				CODE_SIGN_STYLE = Automatic;
				CURRENT_PROJECT_VERSION = 1;
				GENERATE_INFOPLIST_FILE = YES;
				INFOPLIST_FILE = FoodRecipes/Info.plist;
				INFOPLIST_KEY_UIApplicationSupportsIndirectInputEvents = YES;
				INFOPLIST_KEY_UILaunchStoryboardName = FavStoryboard;
				"INFOPLIST_KEY_UILaunchStoryboardName[sdk=*]" = Main;
				INFOPLIST_KEY_UIMainStoryboardFile = FavStoryboard;
				INFOPLIST_KEY_UISupportedInterfaceOrientations_iPad = "UIInterfaceOrientationPortrait UIInterfaceOrientationPortraitUpsideDown UIInterfaceOrientationLandscapeLeft UIInterfaceOrientationLandscapeRight";
				INFOPLIST_KEY_UISupportedInterfaceOrientations_iPhone = "UIInterfaceOrientationPortrait UIInterfaceOrientationLandscapeLeft UIInterfaceOrientationLandscapeRight";
				IPHONEOS_DEPLOYMENT_TARGET = 14.0;
				LD_RUNPATH_SEARCH_PATHS = (
					"$(inherited)",
					"@executable_path/Frameworks",
				);
				MARKETING_VERSION = 1.0;
				PRODUCT_BUNDLE_IDENTIFIER = workshop.FoodRecipes;
				PRODUCT_NAME = "$(TARGET_NAME)";
				SWIFT_EMIT_LOC_STRINGS = YES;
				SWIFT_VERSION = 5.0;
				TARGETED_DEVICE_FAMILY = "1,2";
			};
			name = Debug;
		};
		6159497C2A2033BC00C4FC4C /* Release */ = {
			isa = XCBuildConfiguration;
			baseConfigurationReference = 676AAFF217EF0797A7CE922B /* Pods-FoodRecipes.release.xcconfig */;
			buildSettings = {
				ASSETCATALOG_COMPILER_APPICON_NAME = AppIcon;
				ASSETCATALOG_COMPILER_GLOBAL_ACCENT_COLOR_NAME = AccentColor;
				CODE_SIGN_STYLE = Automatic;
				CURRENT_PROJECT_VERSION = 1;
				GENERATE_INFOPLIST_FILE = YES;
				INFOPLIST_FILE = FoodRecipes/Info.plist;
				INFOPLIST_KEY_UIApplicationSupportsIndirectInputEvents = YES;
				INFOPLIST_KEY_UILaunchStoryboardName = FavStoryboard;
				INFOPLIST_KEY_UIMainStoryboardFile = FavStoryboard;
				INFOPLIST_KEY_UISupportedInterfaceOrientations_iPad = "UIInterfaceOrientationPortrait UIInterfaceOrientationPortraitUpsideDown UIInterfaceOrientationLandscapeLeft UIInterfaceOrientationLandscapeRight";
				INFOPLIST_KEY_UISupportedInterfaceOrientations_iPhone = "UIInterfaceOrientationPortrait UIInterfaceOrientationLandscapeLeft UIInterfaceOrientationLandscapeRight";
				IPHONEOS_DEPLOYMENT_TARGET = 14.0;
				LD_RUNPATH_SEARCH_PATHS = (
					"$(inherited)",
					"@executable_path/Frameworks",
				);
				MARKETING_VERSION = 1.0;
				PRODUCT_BUNDLE_IDENTIFIER = workshop.FoodRecipes;
				PRODUCT_NAME = "$(TARGET_NAME)";
				SWIFT_EMIT_LOC_STRINGS = YES;
				SWIFT_VERSION = 5.0;
				TARGETED_DEVICE_FAMILY = "1,2";
			};
			name = Release;
		};
		6159497E2A2033BC00C4FC4C /* Debug */ = {
			isa = XCBuildConfiguration;
			buildSettings = {
				ALWAYS_EMBED_SWIFT_STANDARD_LIBRARIES = YES;
				BUNDLE_LOADER = "$(TEST_HOST)";
				CODE_SIGN_STYLE = Automatic;
				CURRENT_PROJECT_VERSION = 1;
				GENERATE_INFOPLIST_FILE = YES;
				IPHONEOS_DEPLOYMENT_TARGET = 14.0;
				MARKETING_VERSION = 1.0;
				PRODUCT_BUNDLE_IDENTIFIER = workshop.FoodRecipesTests;
				PRODUCT_NAME = "$(TARGET_NAME)";
				SWIFT_EMIT_LOC_STRINGS = NO;
				SWIFT_VERSION = 5.0;
				TARGETED_DEVICE_FAMILY = "1,2";
				TEST_HOST = "$(BUILT_PRODUCTS_DIR)/FoodRecipes.app/$(BUNDLE_EXECUTABLE_FOLDER_PATH)/FoodRecipes";
			};
			name = Debug;
		};
		6159497F2A2033BC00C4FC4C /* Release */ = {
			isa = XCBuildConfiguration;
			buildSettings = {
				ALWAYS_EMBED_SWIFT_STANDARD_LIBRARIES = YES;
				BUNDLE_LOADER = "$(TEST_HOST)";
				CODE_SIGN_STYLE = Automatic;
				CURRENT_PROJECT_VERSION = 1;
				GENERATE_INFOPLIST_FILE = YES;
				IPHONEOS_DEPLOYMENT_TARGET = 14.0;
				MARKETING_VERSION = 1.0;
				PRODUCT_BUNDLE_IDENTIFIER = workshop.FoodRecipesTests;
				PRODUCT_NAME = "$(TARGET_NAME)";
				SWIFT_EMIT_LOC_STRINGS = NO;
				SWIFT_VERSION = 5.0;
				TARGETED_DEVICE_FAMILY = "1,2";
				TEST_HOST = "$(BUILT_PRODUCTS_DIR)/FoodRecipes.app/$(BUNDLE_EXECUTABLE_FOLDER_PATH)/FoodRecipes";
			};
			name = Release;
		};
		615949812A2033BC00C4FC4C /* Debug */ = {
			isa = XCBuildConfiguration;
			buildSettings = {
				ALWAYS_EMBED_SWIFT_STANDARD_LIBRARIES = YES;
				CODE_SIGN_STYLE = Automatic;
				CURRENT_PROJECT_VERSION = 1;
				GENERATE_INFOPLIST_FILE = YES;
				MARKETING_VERSION = 1.0;
				PRODUCT_BUNDLE_IDENTIFIER = workshop.FoodRecipesUITests;
				PRODUCT_NAME = "$(TARGET_NAME)";
				SWIFT_EMIT_LOC_STRINGS = NO;
				SWIFT_VERSION = 5.0;
				TARGETED_DEVICE_FAMILY = "1,2";
				TEST_TARGET_NAME = FoodRecipes;
			};
			name = Debug;
		};
		615949822A2033BC00C4FC4C /* Release */ = {
			isa = XCBuildConfiguration;
			buildSettings = {
				ALWAYS_EMBED_SWIFT_STANDARD_LIBRARIES = YES;
				CODE_SIGN_STYLE = Automatic;
				CURRENT_PROJECT_VERSION = 1;
				GENERATE_INFOPLIST_FILE = YES;
				MARKETING_VERSION = 1.0;
				PRODUCT_BUNDLE_IDENTIFIER = workshop.FoodRecipesUITests;
				PRODUCT_NAME = "$(TARGET_NAME)";
				SWIFT_EMIT_LOC_STRINGS = NO;
				SWIFT_VERSION = 5.0;
				TARGETED_DEVICE_FAMILY = "1,2";
				TEST_TARGET_NAME = FoodRecipes;
			};
			name = Release;
		};
/* End XCBuildConfiguration section */

/* Begin XCConfigurationList section */
		615949482A2033BA00C4FC4C /* Build configuration list for PBXProject "FoodRecipes" */ = {
			isa = XCConfigurationList;
			buildConfigurations = (
				615949782A2033BC00C4FC4C /* Debug */,
				615949792A2033BC00C4FC4C /* Release */,
			);
			defaultConfigurationIsVisible = 0;
			defaultConfigurationName = Release;
		};
		6159497A2A2033BC00C4FC4C /* Build configuration list for PBXNativeTarget "FoodRecipes" */ = {
			isa = XCConfigurationList;
			buildConfigurations = (
				6159497B2A2033BC00C4FC4C /* Debug */,
				6159497C2A2033BC00C4FC4C /* Release */,
			);
			defaultConfigurationIsVisible = 0;
			defaultConfigurationName = Release;
		};
		6159497D2A2033BC00C4FC4C /* Build configuration list for PBXNativeTarget "FoodRecipesTests" */ = {
			isa = XCConfigurationList;
			buildConfigurations = (
				6159497E2A2033BC00C4FC4C /* Debug */,
				6159497F2A2033BC00C4FC4C /* Release */,
			);
			defaultConfigurationIsVisible = 0;
			defaultConfigurationName = Release;
		};
		615949802A2033BC00C4FC4C /* Build configuration list for PBXNativeTarget "FoodRecipesUITests" */ = {
			isa = XCConfigurationList;
			buildConfigurations = (
				615949812A2033BC00C4FC4C /* Debug */,
				615949822A2033BC00C4FC4C /* Release */,
			);
			defaultConfigurationIsVisible = 0;
			defaultConfigurationName = Release;
		};
/* End XCConfigurationList section */

/* Begin XCVersionGroup section */
		615949592A2033BA00C4FC4C /* FoodRecipes.xcdatamodeld */ = {
			isa = XCVersionGroup;
			children = (
				6159495A2A2033BA00C4FC4C /* FoodRecipes.xcdatamodel */,
			);
			currentVersion = 6159495A2A2033BA00C4FC4C /* FoodRecipes.xcdatamodel */;
			path = FoodRecipes.xcdatamodeld;
			sourceTree = "<group>";
			versionGroupType = wrapper.xcdatamodel;
		};
/* End XCVersionGroup section */
	};
	rootObject = 615949452A2033BA00C4FC4C /* Project object */;
}
